{
  "name": "vue-guide",
  "version": "1.0.0",
  "lockfileVersion": 1,
  "requires": true,
  "dependencies": {
    "vue": {
      "version": "2.5.18",
      "resolved": "https://registry.npmjs.org/vue/-/vue-2.5.18.tgz",
      "integrity": "sha512-j4oT4jQdhBf3dUxzu1ogjkhzMU44AtwqtLz7oq/u7340/lmUUogTG6/D6P4/J2cCosoM21MqMIUsQchPKS4elg=="
    }
  }
}
